
Microsoft Visual Studio Solution File, Format Version 12.00
# Visual Studio Version 17
VisualStudioVersion = 17.14.36301.6 d17.14
MinimumVisualStudioVersion = 10.0.40219.1
Project("{FAE04EC0-301F-11D3-BF4B-00C04F79EFBC}") = "NumberGuessing", "NumberGuessing.csproj", "{CFC64261-4316-4A36-AA0A-6A9E4ACFF63B}"
EndProject
Global
	GlobalSection(SolutionConfigurationPlatforms) = preSolution
		Debug|Any CPU = Debug|Any CPU
		Release|Any CPU = Release|Any CPU
	EndGlobalSection
	GlobalSection(ProjectConfigurationPlatforms) = postSolution
		{CFC64261-4316-4A36-AA0A-6A9E4ACFF63B}.Debug|Any CPU.ActiveCfg = Debug|Any CPU
		{CFC64261-4316-4A36-AA0A-6A9E4ACFF63B}.Debug|Any CPU.Build.0 = Debug|Any CPU
		{CFC64261-4316-4A36-AA0A-6A9E4ACFF63B}.Release|Any CPU.ActiveCfg = Release|Any CPU
		{CFC64261-4316-4A36-AA0A-6A9E4ACFF63B}.Release|Any CPU.Build.0 = Release|Any CPU
	EndGlobalSection
	GlobalSection(SolutionProperties) = preSolution
		HideSolutionNode = FALSE
	EndGlobalSection
	GlobalSection(ExtensibilityGlobals) = postSolution
		SolutionGuid = {32E5F088-5D74-4F3D-A42A-6AF414DAEA7D}
	EndGlobalSection
EndGlobal
